
Microsoft Visual Studio Solution File, Format Version 12.00
# Visual Studio Version 17
VisualStudioVersion = 17.14.36414.22 d17.14
MinimumVisualStudioVersion = 10.0.40219.1
Project("{FAE04EC0-301F-11D3-BF4B-00C04F79EFBC}") = "Labb2_Objektorienterad_Programmering", "Labb2_Objektorienterad_Programmering\Labb2_Objektorienterad_Programmering.csproj", "{09F27E29-A17B-4330-AD0C-45D6D3C3E7EB}"
EndProject
Global
	GlobalSection(SolutionConfigurationPlatforms) = preSolution
		Debug|Any CPU = Debug|Any CPU
		Release|Any CPU = Release|Any CPU
	EndGlobalSection
	GlobalSection(ProjectConfigurationPlatforms) = postSolution
		{09F27E29-A17B-4330-AD0C-45D6D3C3E7EB}.Debug|Any CPU.ActiveCfg = Debug|Any CPU
		{09F27E29-A17B-4330-AD0C-45D6D3C3E7EB}.Debug|Any CPU.Build.0 = Debug|Any CPU
		{09F27E29-A17B-4330-AD0C-45D6D3C3E7EB}.Release|Any CPU.ActiveCfg = Release|Any CPU
		{09F27E29-A17B-4330-AD0C-45D6D3C3E7EB}.Release|Any CPU.Build.0 = Release|Any CPU
	EndGlobalSection
	GlobalSection(SolutionProperties) = preSolution
		HideSolutionNode = FALSE
	EndGlobalSection
	GlobalSection(ExtensibilityGlobals) = postSolution
		SolutionGuid = {8D66AB69-385C-4C4A-A0AB-75D4CC97627B}
	EndGlobalSection
EndGlobal
